
Microsoft Visual Studio Solution File, Format Version 12.00
# Visual Studio Version 16
VisualStudioVersion = 16.0.29230.47
MinimumVisualStudioVersion = 10.0.40219.1
Project("{FAE04EC0-301F-11D3-BF4B-00C04F79EFBC}") = "TPL", "TPL\TPL.csproj", "{4FC441E0-37A1-4F36-BE96-76E80B5DCE33}"
EndProject
Project("{FAE04EC0-301F-11D3-BF4B-00C04F79EFBC}") = "TaskFactory-2", "TaskFactory\TaskFactory-2.csproj", "{AC5E5BFD-2796-40DB-878C-2C0D0E08712B}"
EndProject
Project("{FAE04EC0-301F-11D3-BF4B-00C04F79EFBC}") = "TPL_ContinueWith_3", "TPL_ContinueWith_3\TPL_ContinueWith_3.csproj", "{387FB7D2-DBE8-4937-B54D-D54973C3AEC2}"
EndProject
Project("{FAE04EC0-301F-11D3-BF4B-00C04F79EFBC}") = "TPL_WaitAll_4", "TPL_WaitAll\TPL_WaitAll_4.csproj", "{77FB934B-B990-4D67-BBC0-D3A1A1BFE933}"
EndProject
Project("{FAE04EC0-301F-11D3-BF4B-00C04F79EFBC}") = "TPL_WaitAll2_5", "TPL_WaitAll2\TPL_WaitAll2_5.csproj", "{86FB21BC-88D2-44C1-8441-ECFB363F1910}"
EndProject
Project("{FAE04EC0-301F-11D3-BF4B-00C04F79EFBC}") = "TPL_ParallelForeach_ParallelFor_6", "TPL_ParallelForeach_ParallelFor\TPL_ParallelForeach_ParallelFor_6.csproj", "{69D6C7F1-5220-4A47-90D0-B9141B645F4D}"
EndProject
Project("{FAE04EC0-301F-11D3-BF4B-00C04F79EFBC}") = "TPL_CancellationToken_7", "TPL_CancellationToken\TPL_CancellationToken_7.csproj", "{CE4E3089-B7C1-452E-A9DD-2BBB058CB8E3}"
EndProject
Global
	GlobalSection(SolutionConfigurationPlatforms) = preSolution
		Debug|Any CPU = Debug|Any CPU
		Release|Any CPU = Release|Any CPU
	EndGlobalSection
	GlobalSection(ProjectConfigurationPlatforms) = postSolution
		{4FC441E0-37A1-4F36-BE96-76E80B5DCE33}.Debug|Any CPU.ActiveCfg = Debug|Any CPU
		{4FC441E0-37A1-4F36-BE96-76E80B5DCE33}.Debug|Any CPU.Build.0 = Debug|Any CPU
		{4FC441E0-37A1-4F36-BE96-76E80B5DCE33}.Release|Any CPU.ActiveCfg = Release|Any CPU
		{4FC441E0-37A1-4F36-BE96-76E80B5DCE33}.Release|Any CPU.Build.0 = Release|Any CPU
		{AC5E5BFD-2796-40DB-878C-2C0D0E08712B}.Debug|Any CPU.ActiveCfg = Debug|Any CPU
		{AC5E5BFD-2796-40DB-878C-2C0D0E08712B}.Debug|Any CPU.Build.0 = Debug|Any CPU
		{AC5E5BFD-2796-40DB-878C-2C0D0E08712B}.Release|Any CPU.ActiveCfg = Release|Any CPU
		{AC5E5BFD-2796-40DB-878C-2C0D0E08712B}.Release|Any CPU.Build.0 = Release|Any CPU
		{387FB7D2-DBE8-4937-B54D-D54973C3AEC2}.Debug|Any CPU.ActiveCfg = Debug|Any CPU
		{387FB7D2-DBE8-4937-B54D-D54973C3AEC2}.Debug|Any CPU.Build.0 = Debug|Any CPU
		{387FB7D2-DBE8-4937-B54D-D54973C3AEC2}.Release|Any CPU.ActiveCfg = Release|Any CPU
		{387FB7D2-DBE8-4937-B54D-D54973C3AEC2}.Release|Any CPU.Build.0 = Release|Any CPU
		{77FB934B-B990-4D67-BBC0-D3A1A1BFE933}.Debug|Any CPU.ActiveCfg = Debug|Any CPU
		{77FB934B-B990-4D67-BBC0-D3A1A1BFE933}.Debug|Any CPU.Build.0 = Debug|Any CPU
		{77FB934B-B990-4D67-BBC0-D3A1A1BFE933}.Release|Any CPU.ActiveCfg = Release|Any CPU
		{77FB934B-B990-4D67-BBC0-D3A1A1BFE933}.Release|Any CPU.Build.0 = Release|Any CPU
		{86FB21BC-88D2-44C1-8441-ECFB363F1910}.Debug|Any CPU.ActiveCfg = Debug|Any CPU
		{86FB21BC-88D2-44C1-8441-ECFB363F1910}.Debug|Any CPU.Build.0 = Debug|Any CPU
		{86FB21BC-88D2-44C1-8441-ECFB363F1910}.Release|Any CPU.ActiveCfg = Release|Any CPU
		{86FB21BC-88D2-44C1-8441-ECFB363F1910}.Release|Any CPU.Build.0 = Release|Any CPU
		{69D6C7F1-5220-4A47-90D0-B9141B645F4D}.Debug|Any CPU.ActiveCfg = Debug|Any CPU
		{69D6C7F1-5220-4A47-90D0-B9141B645F4D}.Debug|Any CPU.Build.0 = Debug|Any CPU
		{69D6C7F1-5220-4A47-90D0-B9141B645F4D}.Release|Any CPU.ActiveCfg = Release|Any CPU
		{69D6C7F1-5220-4A47-90D0-B9141B645F4D}.Release|Any CPU.Build.0 = Release|Any CPU
		{CE4E3089-B7C1-452E-A9DD-2BBB058CB8E3}.Debug|Any CPU.ActiveCfg = Debug|Any CPU
		{CE4E3089-B7C1-452E-A9DD-2BBB058CB8E3}.Debug|Any CPU.Build.0 = Debug|Any CPU
		{CE4E3089-B7C1-452E-A9DD-2BBB058CB8E3}.Release|Any CPU.ActiveCfg = Release|Any CPU
		{CE4E3089-B7C1-452E-A9DD-2BBB058CB8E3}.Release|Any CPU.Build.0 = Release|Any CPU
	EndGlobalSection
	GlobalSection(SolutionProperties) = preSolution
		HideSolutionNode = FALSE
	EndGlobalSection
	GlobalSection(ExtensibilityGlobals) = postSolution
		SolutionGuid = {DA4E9668-E86E-46C7-B4F0-65371BA6478E}
	EndGlobalSection
EndGlobal
